
Microsoft Visual Studio Solution File, Format Version 12.00
# Visual Studio Version 17
VisualStudioVersion = 17.5.002.0
MinimumVisualStudioVersion = 10.0.40219.1
Project("{9A19103F-16F7-4668-BE54-9A1E7A4F7556}") = "back-silver", "back-silver.csproj", "{F79047E8-252A-4350-989A-FAEB8BC472F9}"
EndProject
Global
	GlobalSection(SolutionConfigurationPlatforms) = preSolution
		Debug|Any CPU = Debug|Any CPU
		Release|Any CPU = Release|Any CPU
	EndGlobalSection
	GlobalSection(ProjectConfigurationPlatforms) = postSolution
		{F79047E8-252A-4350-989A-FAEB8BC472F9}.Debug|Any CPU.ActiveCfg = Debug|Any CPU
		{F79047E8-252A-4350-989A-FAEB8BC472F9}.Debug|Any CPU.Build.0 = Debug|Any CPU
		{F79047E8-252A-4350-989A-FAEB8BC472F9}.Release|Any CPU.ActiveCfg = Release|Any CPU
		{F79047E8-252A-4350-989A-FAEB8BC472F9}.Release|Any CPU.Build.0 = Release|Any CPU
	EndGlobalSection
	GlobalSection(SolutionProperties) = preSolution
		HideSolutionNode = FALSE
	EndGlobalSection
	GlobalSection(ExtensibilityGlobals) = postSolution
		SolutionGuid = {EBC85B94-6035-4CEE-ABB1-A7AA3EE5E8E5}
	EndGlobalSection
EndGlobal
